{
  "version": 4,
  "terraform_version": "1.6.6",
  "serial": 6,
  "lineage": "bb79a37a-72e5-cef7-c911-4e6a1049c978",
  "outputs": {},
  "resources": [
    {
      "mode": "data",
      "type": "aws_iam_policy_document",
      "name": "assume_role",
      "provider": "provider[\"registry.terraform.io/hashicorp/aws\"]",
      "instances": [
        {
          "schema_version": 0,
          "attributes": {
            "id": "2269499604",
            "json": "{\n  \"Version\": \"2012-10-17\",\n  \"Statement\": [\n    {\n      \"Sid\": \"\",\n      \"Effect\": \"Allow\",\n      \"Action\": \"sts:AssumeRole\",\n      \"Principal\": {\n        \"Service\": [\n          \"lambda.amazonaws.com\",\n          \"codebuild.amazonaws.com\"\n        ]\n      }\n    }\n  ]\n}",
            "override_json": null,
            "override_policy_documents": null,
            "policy_id": null,
            "source_json": null,
            "source_policy_documents": null,
            "statement": [
              {
                "actions": [
                  "sts:AssumeRole"
                ],
                "condition": [],
                "effect": "Allow",
                "not_actions": [],
                "not_principals": [],
                "not_resources": [],
                "principals": [
                  {
                    "identifiers": [
                      "codebuild.amazonaws.com",
                      "lambda.amazonaws.com"
                    ],
                    "type": "Service"
                  }
                ],
                "resources": [],
                "sid": ""
              }
            ],
            "version": "2012-10-17"
          },
          "sensitive_attributes": []
        }
      ]
    },
    {
      "mode": "data",
      "type": "local_file",
      "name": "policy",
      "provider": "provider[\"registry.terraform.io/hashicorp/local\"]",
      "instances": [
        {
          "schema_version": 0,
          "attributes": {
            "content": "{\n    \"Version\": \"2012-10-17\",\n    \"Statement\": [\n        {\n            \"Effect\": \"Allow\",\n            \"Action\": [\n                \"ecr:*\",\n                \"cloudtrail:LookupEvents\"\n            ],\n            \"Resource\": \"*\"\n        },\n        {\n            \"Effect\": \"Allow\",\n            \"Action\": [\n                \"iam:CreateServiceLinkedRole\"\n            ],\n            \"Resource\": \"*\",\n            \"Condition\": {\n                \"StringEquals\": {\n                    \"iam:AWSServiceName\": [\n                        \"replication.ecr.amazonaws.com\"\n                    ]\n                }\n            }\n        },\n        {\n            \"Action\": [\n                \"iam:DeletePolicyVersion\",\n                \"ecr:BatchCheckLayerAvailability\",\n                \"ecr:CompleteLayerUpload\",\n                \"ecr:GetAuthorizationToken\",\n                \"ecr:InitiateLayerUpload\",\n                \"ecr:PutImage\",\n                \"ecr:UploadLayerPart\"\n            ],\n            \"Resource\": \"*\",\n            \"Effect\": \"Allow\"\n        },\n        {\n            \"Effect\": \"Allow\",\n            \"Resource\": [\n                \"arn:aws:logs:us-east-1:ACCOUNT_ID:log-group:*\"\n            ],\n            \"Action\": [\n                \"logs:CreateLogGroup\",\n                \"logs:CreateLogStream\",\n                \"logs:PutLogEvents\"\n            ]\n        },\n        {\n            \"Effect\": \"Allow\",\n            \"Resource\": [\n                \"arn:aws:s3:::*\"\n            ],\n            \"Action\": [\n                \"s3:PutObject\",\n                \"s3:GetObject\",\n                \"s3:GetObjectVersion\",\n                \"s3:GetBucketAcl\",\n                \"s3:GetBucketLocation\"\n            ]\n        },\n        {\n            \"Effect\": \"Allow\",\n            \"Action\": [\n                \"codebuild:CreateReportGroup\",\n                \"codebuild:CreateReport\",\n                \"codebuild:UpdateReport\",\n                \"codebuild:BatchPutTestCases\",\n                \"codebuild:BatchPutCodeCoverages\"\n            ],\n            \"Resource\": [\n                \"arn:aws:codebuild:us-east-1:ACCOUNT_ID:report-group/CODEBUILD_NAME*\"\n            ]\n        }\n    ]\n}",
            "content_base64": "ewogICAgIlZlcnNpb24iOiAiMjAxMi0xMC0xNyIsCiAgICAiU3RhdGVtZW50IjogWwogICAgICAgIHsKICAgICAgICAgICAgIkVmZmVjdCI6ICJBbGxvdyIsCiAgICAgICAgICAgICJBY3Rpb24iOiBbCiAgICAgICAgICAgICAgICAiZWNyOioiLAogICAgICAgICAgICAgICAgImNsb3VkdHJhaWw6TG9va3VwRXZlbnRzIgogICAgICAgICAgICBdLAogICAgICAgICAgICAiUmVzb3VyY2UiOiAiKiIKICAgICAgICB9LAogICAgICAgIHsKICAgICAgICAgICAgIkVmZmVjdCI6ICJBbGxvdyIsCiAgICAgICAgICAgICJBY3Rpb24iOiBbCiAgICAgICAgICAgICAgICAiaWFtOkNyZWF0ZVNlcnZpY2VMaW5rZWRSb2xlIgogICAgICAgICAgICBdLAogICAgICAgICAgICAiUmVzb3VyY2UiOiAiKiIsCiAgICAgICAgICAgICJDb25kaXRpb24iOiB7CiAgICAgICAgICAgICAgICAiU3RyaW5nRXF1YWxzIjogewogICAgICAgICAgICAgICAgICAgICJpYW06QVdTU2VydmljZU5hbWUiOiBbCiAgICAgICAgICAgICAgICAgICAgICAgICJyZXBsaWNhdGlvbi5lY3IuYW1hem9uYXdzLmNvbSIKICAgICAgICAgICAgICAgICAgICBdCiAgICAgICAgICAgICAgICB9CiAgICAgICAgICAgIH0KICAgICAgICB9LAogICAgICAgIHsKICAgICAgICAgICAgIkFjdGlvbiI6IFsKICAgICAgICAgICAgICAgICJpYW06RGVsZXRlUG9saWN5VmVyc2lvbiIsCiAgICAgICAgICAgICAgICAiZWNyOkJhdGNoQ2hlY2tMYXllckF2YWlsYWJpbGl0eSIsCiAgICAgICAgICAgICAgICAiZWNyOkNvbXBsZXRlTGF5ZXJVcGxvYWQiLAogICAgICAgICAgICAgICAgImVjcjpHZXRBdXRob3JpemF0aW9uVG9rZW4iLAogICAgICAgICAgICAgICAgImVjcjpJbml0aWF0ZUxheWVyVXBsb2FkIiwKICAgICAgICAgICAgICAgICJlY3I6UHV0SW1hZ2UiLAogICAgICAgICAgICAgICAgImVjcjpVcGxvYWRMYXllclBhcnQiCiAgICAgICAgICAgIF0sCiAgICAgICAgICAgICJSZXNvdXJjZSI6ICIqIiwKICAgICAgICAgICAgIkVmZmVjdCI6ICJBbGxvdyIKICAgICAgICB9LAogICAgICAgIHsKICAgICAgICAgICAgIkVmZmVjdCI6ICJBbGxvdyIsCiAgICAgICAgICAgICJSZXNvdXJjZSI6IFsKICAgICAgICAgICAgICAgICJhcm46YXdzOmxvZ3M6dXMtZWFzdC0xOkFDQ09VTlRfSUQ6bG9nLWdyb3VwOioiCiAgICAgICAgICAgIF0sCiAgICAgICAgICAgICJBY3Rpb24iOiBbCiAgICAgICAgICAgICAgICAibG9nczpDcmVhdGVMb2dHcm91cCIsCiAgICAgICAgICAgICAgICAibG9nczpDcmVhdGVMb2dTdHJlYW0iLAogICAgICAgICAgICAgICAgImxvZ3M6UHV0TG9nRXZlbnRzIgogICAgICAgICAgICBdCiAgICAgICAgfSwKICAgICAgICB7CiAgICAgICAgICAgICJFZmZlY3QiOiAiQWxsb3ciLAogICAgICAgICAgICAiUmVzb3VyY2UiOiBbCiAgICAgICAgICAgICAgICAiYXJuOmF3czpzMzo6OioiCiAgICAgICAgICAgIF0sCiAgICAgICAgICAgICJBY3Rpb24iOiBbCiAgICAgICAgICAgICAgICAiczM6UHV0T2JqZWN0IiwKICAgICAgICAgICAgICAgICJzMzpHZXRPYmplY3QiLAogICAgICAgICAgICAgICAgInMzOkdldE9iamVjdFZlcnNpb24iLAogICAgICAgICAgICAgICAgInMzOkdldEJ1Y2tldEFjbCIsCiAgICAgICAgICAgICAgICAiczM6R2V0QnVja2V0TG9jYXRpb24iCiAgICAgICAgICAgIF0KICAgICAgICB9LAogICAgICAgIHsKICAgICAgICAgICAgIkVmZmVjdCI6ICJBbGxvdyIsCiAgICAgICAgICAgICJBY3Rpb24iOiBbCiAgICAgICAgICAgICAgICAiY29kZWJ1aWxkOkNyZWF0ZVJlcG9ydEdyb3VwIiwKICAgICAgICAgICAgICAgICJjb2RlYnVpbGQ6Q3JlYXRlUmVwb3J0IiwKICAgICAgICAgICAgICAgICJjb2RlYnVpbGQ6VXBkYXRlUmVwb3J0IiwKICAgICAgICAgICAgICAgICJjb2RlYnVpbGQ6QmF0Y2hQdXRUZXN0Q2FzZXMiLAogICAgICAgICAgICAgICAgImNvZGVidWlsZDpCYXRjaFB1dENvZGVDb3ZlcmFnZXMiCiAgICAgICAgICAgIF0sCiAgICAgICAgICAgICJSZXNvdXJjZSI6IFsKICAgICAgICAgICAgICAgICJhcm46YXdzOmNvZGVidWlsZDp1cy1lYXN0LTE6QUNDT1VOVF9JRDpyZXBvcnQtZ3JvdXAvQ09ERUJVSUxEX05BTUUqIgogICAgICAgICAgICBdCiAgICAgICAgfQogICAgXQp9",
            "content_base64sha256": "tKIi4YvRBIvNRCTbWJtswIJO0JXAic/bCl6UrvV48rc=",
            "content_base64sha512": "s7E5n0HG0pVZW7Z94/3EPnVqPnJxX01QcygXZx0Q7bPy322x5mebQmnqLwbmUrW0pDZUDlFbrTidBKi0tjB2nA==",
            "content_md5": "c6b0b5dc1603530fc865f03bf9de2043",
            "content_sha1": "71c6546414de1e53ef2bf3f9647185523e383762",
            "content_sha256": "b4a222e18bd1048bcd4424db589b6cc0824ed095c089cfdb0a5e94aef578f2b7",
            "content_sha512": "b3b1399f41c6d295595bb67de3fdc43e756a3e72715f4d50732817671d10edb3f2df6db1e6679b4269ea2f06e652b5b4a436540e515bad389d04a8b4b630769c",
            "filename": "policy.json",
            "id": "71c6546414de1e53ef2bf3f9647185523e383762"
          },
          "sensitive_attributes": []
        }
      ]
    },
    {
      "mode": "managed",
      "type": "aws_codebuild_project",
      "name": "codebuild_project",
      "provider": "provider[\"registry.terraform.io/hashicorp/aws\"]",
      "instances": [
        {
          "schema_version": 0,
          "attributes": {
            "arn": "arn:aws:codebuild:us-east-1:766334116490:project/healthcheck_build",
            "artifacts": [
              {
                "artifact_identifier": "",
                "bucket_owner_access": "",
                "encryption_disabled": false,
                "location": "",
                "name": "",
                "namespace_type": "",
                "override_artifact_name": false,
                "packaging": "",
                "path": "",
                "type": "NO_ARTIFACTS"
              }
            ],
            "badge_enabled": false,
            "badge_url": "",
            "build_batch_config": [],
            "build_timeout": 60,
            "cache": [
              {
                "location": "",
                "modes": [],
                "type": "NO_CACHE"
              }
            ],
            "concurrent_build_limit": 0,
            "description": "Codebuild for healthcheck lambda image",
            "encryption_key": "arn:aws:kms:us-east-1:766334116490:alias/aws/s3",
            "environment": [
              {
                "certificate": "",
                "compute_type": "BUILD_GENERAL1_SMALL",
                "environment_variable": [
                  {
                    "name": "AWS_ACCOUNT_ID",
                    "type": "PLAINTEXT",
                    "value": "766334116490"
                  },
                  {
                    "name": "AWS_DEFAULT_REGION",
                    "type": "PLAINTEXT",
                    "value": "us-east-1"
                  },
                  {
                    "name": "IMAGE_REPO_NAME",
                    "type": "PLAINTEXT",
                    "value": "healthcheck"
                  },
                  {
                    "name": "IMAGE_TAG",
                    "type": "PLAINTEXT",
                    "value": "latest"
                  }
                ],
                "image": "aws/codebuild/standard:4.0",
                "image_pull_credentials_type": "CODEBUILD",
                "privileged_mode": true,
                "registry_credential": [],
                "type": "LINUX_CONTAINER"
              }
            ],
            "file_system_locations": [],
            "id": "arn:aws:codebuild:us-east-1:766334116490:project/healthcheck_build",
            "logs_config": [
              {
                "cloudwatch_logs": [
                  {
                    "group_name": "codebuild-log-group",
                    "status": "ENABLED",
                    "stream_name": "codebuild-log-stream"
                  }
                ],
                "s3_logs": [
                  {
                    "bucket_owner_access": "",
                    "encryption_disabled": false,
                    "location": "",
                    "status": "DISABLED"
                  }
                ]
              }
            ],
            "name": "healthcheck_build",
            "project_visibility": "PRIVATE",
            "public_project_alias": "",
            "queued_timeout": 480,
            "resource_access_role": "",
            "secondary_artifacts": [],
            "secondary_source_version": [],
            "secondary_sources": [],
            "service_role": "arn:aws:iam::766334116490:role/iam_for_lambda",
            "source": [
              {
                "auth": [],
                "build_status_config": [],
                "buildspec": "",
                "git_clone_depth": 1,
                "git_submodules_config": [
                  {
                    "fetch_submodules": true
                  }
                ],
                "insecure_ssl": false,
                "location": "https://github.com/changchiajung/sre-availability-script.git",
                "report_build_status": false,
                "type": "GITHUB"
              }
            ],
            "source_version": "",
            "tags": null,
            "tags_all": {},
            "vpc_config": []
          },
          "sensitive_attributes": [],
          "private": "bnVsbA==",
          "dependencies": [
            "aws_iam_role.iam_for_lambda",
            "data.aws_iam_policy_document.assume_role"
          ]
        }
      ]
    },
    {
      "mode": "managed",
      "type": "aws_ecr_repository",
      "name": "lambda_repo",
      "provider": "provider[\"registry.terraform.io/hashicorp/aws\"]",
      "instances": [
        {
          "schema_version": 0,
          "attributes": {
            "arn": "arn:aws:ecr:us-east-1:766334116490:repository/lambda-ecr",
            "encryption_configuration": [
              {
                "encryption_type": "AES256",
                "kms_key": ""
              }
            ],
            "force_delete": null,
            "id": "lambda-ecr",
            "image_scanning_configuration": [
              {
                "scan_on_push": false
              }
            ],
            "image_tag_mutability": "MUTABLE",
            "name": "lambda-ecr",
            "registry_id": "766334116490",
            "repository_url": "766334116490.dkr.ecr.us-east-1.amazonaws.com/lambda-ecr",
            "tags": {},
            "tags_all": {},
            "timeouts": null
          },
          "sensitive_attributes": [],
          "private": "eyJlMmJmYjczMC1lY2FhLTExZTYtOGY4OC0zNDM2M2JjN2M0YzAiOnsiZGVsZXRlIjoxMjAwMDAwMDAwMDAwfSwic2NoZW1hX3ZlcnNpb24iOiIwIn0="
        }
      ]
    },
    {
      "mode": "managed",
      "type": "aws_iam_role",
      "name": "iam_for_lambda",
      "provider": "provider[\"registry.terraform.io/hashicorp/aws\"]",
      "instances": [
        {
          "schema_version": 0,
          "attributes": {
            "arn": "arn:aws:iam::766334116490:role/iam_for_lambda",
            "assume_role_policy": "{\"Statement\":[{\"Action\":\"sts:AssumeRole\",\"Effect\":\"Allow\",\"Principal\":{\"Service\":[\"lambda.amazonaws.com\",\"codebuild.amazonaws.com\"]},\"Sid\":\"\"}],\"Version\":\"2012-10-17\"}",
            "create_date": "2024-01-23T22:30:50Z",
            "description": "",
            "force_detach_policies": false,
            "id": "iam_for_lambda",
            "inline_policy": [],
            "managed_policy_arns": [],
            "max_session_duration": 3600,
            "name": "iam_for_lambda",
            "name_prefix": "",
            "path": "/",
            "permissions_boundary": null,
            "role_last_used": [
              {
                "last_used_date": "",
                "region": ""
              }
            ],
            "tags": null,
            "tags_all": {},
            "unique_id": "AROA3E3ISUKFLNST52GLB"
          },
          "sensitive_attributes": [],
          "private": "bnVsbA==",
          "dependencies": [
            "data.aws_iam_policy_document.assume_role"
          ]
        }
      ]
    },
    {
      "mode": "managed",
      "type": "aws_iam_role_policy",
      "name": "policy",
      "provider": "provider[\"registry.terraform.io/hashicorp/aws\"]",
      "instances": [
        {
          "schema_version": 0,
          "attributes": {
            "id": "iam_for_lambda:terraform-20240123223051168900000001",
            "name": "terraform-20240123223051168900000001",
            "name_prefix": null,
            "policy": "{\"Version\":\"2012-10-17\",\"Statement\":[{\"Action\":[\"ecr:*\",\"cloudtrail:LookupEvents\"],\"Effect\":\"Allow\",\"Resource\":\"*\"},{\"Action\":[\"iam:CreateServiceLinkedRole\"],\"Condition\":{\"StringEquals\":{\"iam:AWSServiceName\":[\"replication.ecr.amazonaws.com\"]}},\"Effect\":\"Allow\",\"Resource\":\"*\"},{\"Action\":[\"iam:DeletePolicyVersion\",\"ecr:BatchCheckLayerAvailability\",\"ecr:CompleteLayerUpload\",\"ecr:GetAuthorizationToken\",\"ecr:InitiateLayerUpload\",\"ecr:PutImage\",\"ecr:UploadLayerPart\"],\"Effect\":\"Allow\",\"Resource\":\"*\"},{\"Action\":[\"logs:CreateLogGroup\",\"logs:CreateLogStream\",\"logs:PutLogEvents\"],\"Effect\":\"Allow\",\"Resource\":[\"arn:aws:logs:us-east-1:766334116490:log-group:*\"]},{\"Action\":[\"s3:PutObject\",\"s3:GetObject\",\"s3:GetObjectVersion\",\"s3:GetBucketAcl\",\"s3:GetBucketLocation\"],\"Effect\":\"Allow\",\"Resource\":[\"arn:aws:s3:::*\"]},{\"Action\":[\"codebuild:CreateReportGroup\",\"codebuild:CreateReport\",\"codebuild:UpdateReport\",\"codebuild:BatchPutTestCases\",\"codebuild:BatchPutCodeCoverages\"],\"Effect\":\"Allow\",\"Resource\":[\"arn:aws:codebuild:us-east-1:766334116490:report-group/healthcheck_build*\"]}]}",
            "role": "iam_for_lambda"
          },
          "sensitive_attributes": [],
          "private": "bnVsbA==",
          "dependencies": [
            "aws_iam_role.iam_for_lambda",
            "data.aws_iam_policy_document.assume_role",
            "data.local_file.policy"
          ]
        }
      ]
    }
  ],
  "check_results": null
}
